
Microsoft Visual Studio Solution File, Format Version 12.00
# Visual Studio Version 16
VisualStudioVersion = 16.0.29201.188
MinimumVisualStudioVersion = 10.0.40219.1
Project("{FAE04EC0-301F-11D3-BF4B-00C04F79EFBC}") = "Biblioteca", "Biblioteca\Biblioteca.csproj", "{A2B1E137-0BD2-4F3C-82AD-DA24C1AF072F}"
EndProject
Global
	GlobalSection(SolutionConfigurationPlatforms) = preSolution
		Debug|Any CPU = Debug|Any CPU
		Release|Any CPU = Release|Any CPU
	EndGlobalSection
	GlobalSection(ProjectConfigurationPlatforms) = postSolution
		{A2B1E137-0BD2-4F3C-82AD-DA24C1AF072F}.Debug|Any CPU.ActiveCfg = Debug|Any CPU
		{A2B1E137-0BD2-4F3C-82AD-DA24C1AF072F}.Debug|Any CPU.Build.0 = Debug|Any CPU
		{A2B1E137-0BD2-4F3C-82AD-DA24C1AF072F}.Release|Any CPU.ActiveCfg = Release|Any CPU
		{A2B1E137-0BD2-4F3C-82AD-DA24C1AF072F}.Release|Any CPU.Build.0 = Release|Any CPU
	EndGlobalSection
	GlobalSection(SolutionProperties) = preSolution
		HideSolutionNode = FALSE
	EndGlobalSection
	GlobalSection(ExtensibilityGlobals) = postSolution
		SolutionGuid = {A1801F6A-88CC-4F03-888A-A4A8C4E1D6F3}
	EndGlobalSection
EndGlobal
